
Microsoft Visual Studio Solution File, Format Version 12.00
# Visual Studio 15
VisualStudioVersion = 15.0.27703.2042
MinimumVisualStudioVersion = 10.0.40219.1
Project("{FAE04EC0-301F-11D3-BF4B-00C04F79EFBC}") = "WebFormCases2", "WebFormCases2\WebFormCases2.csproj", "{4AD0A0B3-91D3-41EF-B50B-F65966494D20}"
	ProjectSection(ProjectDependencies) = postProject
		{4DBD649E-9AB6-4F0C-BD7A-0A91EC975CBD} = {4DBD649E-9AB6-4F0C-BD7A-0A91EC975CBD}
	EndProjectSection
EndProject
Project("{F184B08F-C81C-45F6-A57F-5ABD9991F28F}") = "VbCases", "VbCases\VbCases.vbproj", "{CD8E53D2-B177-494B-AE08-1CEEF98E43D7}"
	ProjectSection(ProjectDependencies) = postProject
		{4AD0A0B3-91D3-41EF-B50B-F65966494D20} = {4AD0A0B3-91D3-41EF-B50B-F65966494D20}
	EndProjectSection
EndProject
Project("{FAE04EC0-301F-11D3-BF4B-00C04F79EFBC}") = "MvcCases", "MvcCases\MvcCases.csproj", "{3473E14C-8F0B-4754-8D32-3EF5A79CFF32}"
EndProject
Project("{FAE04EC0-301F-11D3-BF4B-00C04F79EFBC}") = "MyTest", "MyTest\MyTest.csproj", "{FEF0CA54-0C65-4406-8C40-EE9216A9A4CD}"
EndProject
Project("{FAE04EC0-301F-11D3-BF4B-00C04F79EFBC}") = "WebServices", "WebServices\WebServices.csproj", "{4DBD649E-9AB6-4F0C-BD7A-0A91EC975CBD}"
EndProject
Project("{FAE04EC0-301F-11D3-BF4B-00C04F79EFBC}") = "WebapiApp", "WebapiApp\WebapiApp.csproj", "{5E6B6301-4F8F-497F-9D15-5C9190FB9B07}"
EndProject
Project("{FAE04EC0-301F-11D3-BF4B-00C04F79EFBC}") = "ConsoleApp1", "ConsoleApp1\ConsoleApp1.csproj", "{5C3AEAE7-0EEF-40FF-9E5E-69B77E0266FA}"
EndProject
Project("{9A19103F-16F7-4668-BE54-9A1E7A4F7556}") = "CoreProject", "CoreProject\CoreProject.csproj", "{C7FA0E0D-FD27-4A78-967C-97537B4C5074}"
EndProject
Project("{FAE04EC0-301F-11D3-BF4B-00C04F79EFBC}") = "CoreIdentity", "CoreIdentity\CoreIdentity.csproj", "{5ED84AD3-14C0-40A8-AF3E-B0D12961A233}"
EndProject
Global
	GlobalSection(SolutionConfigurationPlatforms) = preSolution
		Debug|Any CPU = Debug|Any CPU
		Release|Any CPU = Release|Any CPU
	EndGlobalSection
	GlobalSection(ProjectConfigurationPlatforms) = postSolution
		{4AD0A0B3-91D3-41EF-B50B-F65966494D20}.Debug|Any CPU.ActiveCfg = Debug|Any CPU
		{4AD0A0B3-91D3-41EF-B50B-F65966494D20}.Debug|Any CPU.Build.0 = Debug|Any CPU
		{4AD0A0B3-91D3-41EF-B50B-F65966494D20}.Release|Any CPU.ActiveCfg = Release|Any CPU
		{4AD0A0B3-91D3-41EF-B50B-F65966494D20}.Release|Any CPU.Build.0 = Release|Any CPU
		{CD8E53D2-B177-494B-AE08-1CEEF98E43D7}.Debug|Any CPU.ActiveCfg = Debug|Any CPU
		{CD8E53D2-B177-494B-AE08-1CEEF98E43D7}.Debug|Any CPU.Build.0 = Debug|Any CPU
		{CD8E53D2-B177-494B-AE08-1CEEF98E43D7}.Release|Any CPU.ActiveCfg = Release|Any CPU
		{CD8E53D2-B177-494B-AE08-1CEEF98E43D7}.Release|Any CPU.Build.0 = Release|Any CPU
		{3473E14C-8F0B-4754-8D32-3EF5A79CFF32}.Debug|Any CPU.ActiveCfg = Debug|Any CPU
		{3473E14C-8F0B-4754-8D32-3EF5A79CFF32}.Debug|Any CPU.Build.0 = Debug|Any CPU
		{3473E14C-8F0B-4754-8D32-3EF5A79CFF32}.Release|Any CPU.ActiveCfg = Release|Any CPU
		{3473E14C-8F0B-4754-8D32-3EF5A79CFF32}.Release|Any CPU.Build.0 = Release|Any CPU
		{FEF0CA54-0C65-4406-8C40-EE9216A9A4CD}.Debug|Any CPU.ActiveCfg = Debug|Any CPU
		{FEF0CA54-0C65-4406-8C40-EE9216A9A4CD}.Debug|Any CPU.Build.0 = Debug|Any CPU
		{FEF0CA54-0C65-4406-8C40-EE9216A9A4CD}.Release|Any CPU.ActiveCfg = Release|Any CPU
		{FEF0CA54-0C65-4406-8C40-EE9216A9A4CD}.Release|Any CPU.Build.0 = Release|Any CPU
		{4DBD649E-9AB6-4F0C-BD7A-0A91EC975CBD}.Debug|Any CPU.ActiveCfg = Debug|Any CPU
		{4DBD649E-9AB6-4F0C-BD7A-0A91EC975CBD}.Debug|Any CPU.Build.0 = Debug|Any CPU
		{4DBD649E-9AB6-4F0C-BD7A-0A91EC975CBD}.Release|Any CPU.ActiveCfg = Release|Any CPU
		{4DBD649E-9AB6-4F0C-BD7A-0A91EC975CBD}.Release|Any CPU.Build.0 = Release|Any CPU
		{5E6B6301-4F8F-497F-9D15-5C9190FB9B07}.Debug|Any CPU.ActiveCfg = Debug|Any CPU
		{5E6B6301-4F8F-497F-9D15-5C9190FB9B07}.Debug|Any CPU.Build.0 = Debug|Any CPU
		{5E6B6301-4F8F-497F-9D15-5C9190FB9B07}.Release|Any CPU.ActiveCfg = Release|Any CPU
		{5E6B6301-4F8F-497F-9D15-5C9190FB9B07}.Release|Any CPU.Build.0 = Release|Any CPU
		{5C3AEAE7-0EEF-40FF-9E5E-69B77E0266FA}.Debug|Any CPU.ActiveCfg = Debug|Any CPU
		{5C3AEAE7-0EEF-40FF-9E5E-69B77E0266FA}.Debug|Any CPU.Build.0 = Debug|Any CPU
		{5C3AEAE7-0EEF-40FF-9E5E-69B77E0266FA}.Release|Any CPU.ActiveCfg = Release|Any CPU
		{5C3AEAE7-0EEF-40FF-9E5E-69B77E0266FA}.Release|Any CPU.Build.0 = Release|Any CPU
		{C7FA0E0D-FD27-4A78-967C-97537B4C5074}.Debug|Any CPU.ActiveCfg = Debug|Any CPU
		{C7FA0E0D-FD27-4A78-967C-97537B4C5074}.Debug|Any CPU.Build.0 = Debug|Any CPU
		{C7FA0E0D-FD27-4A78-967C-97537B4C5074}.Release|Any CPU.ActiveCfg = Release|Any CPU
		{C7FA0E0D-FD27-4A78-967C-97537B4C5074}.Release|Any CPU.Build.0 = Release|Any CPU
		{5ED84AD3-14C0-40A8-AF3E-B0D12961A233}.Debug|Any CPU.ActiveCfg = Debug|Any CPU
		{5ED84AD3-14C0-40A8-AF3E-B0D12961A233}.Debug|Any CPU.Build.0 = Debug|Any CPU
		{5ED84AD3-14C0-40A8-AF3E-B0D12961A233}.Release|Any CPU.ActiveCfg = Release|Any CPU
		{5ED84AD3-14C0-40A8-AF3E-B0D12961A233}.Release|Any CPU.Build.0 = Release|Any CPU
	EndGlobalSection
	GlobalSection(SolutionProperties) = preSolution
		HideSolutionNode = FALSE
	EndGlobalSection
	GlobalSection(ExtensibilityGlobals) = postSolution
		SolutionGuid = {A93B9A10-A5EA-48FC-95D3-EB98510D6FC1}
	EndGlobalSection
EndGlobal
